
Microsoft Visual Studio Solution File, Format Version 12.00
# Visual Studio Version 17
VisualStudioVersion = 17.5.33530.505
MinimumVisualStudioVersion = 10.0.40219.1
Project("{9A19103F-16F7-4668-BE54-9A1E7A4F7556}") = "BackendBP", "BackendBP\BackendBP.csproj", "{2DA24EC3-E2BB-4FAF-BE49-6AF81BC1DE9E}"
EndProject
Project("{9A19103F-16F7-4668-BE54-9A1E7A4F7556}") = "EmailService", "EmailSender\EmailService.csproj", "{CE5D5873-0E94-4932-B929-534B415692BE}"
EndProject
Global
	GlobalSection(SolutionConfigurationPlatforms) = preSolution
		Debug|Any CPU = Debug|Any CPU
		Release|Any CPU = Release|Any CPU
	EndGlobalSection
	GlobalSection(ProjectConfigurationPlatforms) = postSolution
		{2DA24EC3-E2BB-4FAF-BE49-6AF81BC1DE9E}.Debug|Any CPU.ActiveCfg = Debug|Any CPU
		{2DA24EC3-E2BB-4FAF-BE49-6AF81BC1DE9E}.Debug|Any CPU.Build.0 = Debug|Any CPU
		{2DA24EC3-E2BB-4FAF-BE49-6AF81BC1DE9E}.Release|Any CPU.ActiveCfg = Release|Any CPU
		{2DA24EC3-E2BB-4FAF-BE49-6AF81BC1DE9E}.Release|Any CPU.Build.0 = Release|Any CPU
		{CE5D5873-0E94-4932-B929-534B415692BE}.Debug|Any CPU.ActiveCfg = Debug|Any CPU
		{CE5D5873-0E94-4932-B929-534B415692BE}.Debug|Any CPU.Build.0 = Debug|Any CPU
		{CE5D5873-0E94-4932-B929-534B415692BE}.Release|Any CPU.ActiveCfg = Release|Any CPU
		{CE5D5873-0E94-4932-B929-534B415692BE}.Release|Any CPU.Build.0 = Release|Any CPU
	EndGlobalSection
	GlobalSection(SolutionProperties) = preSolution
		HideSolutionNode = FALSE
	EndGlobalSection
	GlobalSection(ExtensibilityGlobals) = postSolution
		SolutionGuid = {C0E5B0F0-52E2-4B6F-A344-318741C32C51}
	EndGlobalSection
EndGlobal
